
Microsoft Visual Studio Solution File, Format Version 12.00
# Visual Studio 15
VisualStudioVersion = 15.0.27130.2003
MinimumVisualStudioVersion = 10.0.40219.1
Project("{FAE04EC0-301F-11D3-BF4B-00C04F79EFBC}") = "SpecFlowTutorial", "SpecFlowTutorial\SpecFlowTutorial.csproj", "{FD936786-ACA5-4AC9-BED3-75E5E1BCF663}"
EndProject
Global
	GlobalSection(SolutionConfigurationPlatforms) = preSolution
		Debug|Any CPU = Debug|Any CPU
		Release|Any CPU = Release|Any CPU
	EndGlobalSection
	GlobalSection(ProjectConfigurationPlatforms) = postSolution
		{FD936786-ACA5-4AC9-BED3-75E5E1BCF663}.Debug|Any CPU.ActiveCfg = Debug|Any CPU
		{FD936786-ACA5-4AC9-BED3-75E5E1BCF663}.Debug|Any CPU.Build.0 = Debug|Any CPU
		{FD936786-ACA5-4AC9-BED3-75E5E1BCF663}.Release|Any CPU.ActiveCfg = Release|Any CPU
		{FD936786-ACA5-4AC9-BED3-75E5E1BCF663}.Release|Any CPU.Build.0 = Release|Any CPU
	EndGlobalSection
	GlobalSection(SolutionProperties) = preSolution
		HideSolutionNode = FALSE
	EndGlobalSection
	GlobalSection(ExtensibilityGlobals) = postSolution
		SolutionGuid = {4526AC3B-9B6D-4615-9E10-C75C4654FB2D}
	EndGlobalSection
EndGlobal
